// !$*UTF8*$!
{
	archiveVersion = 1;
	classes = {
	};
	objectVersion = 100;
	objects = {

/* Begin PBXContainerItemProxy section */
		28C82A6E2FF3943D008A2DEE /* PBXContainerItemProxy */ = {
			isa = PBXContainerItemProxy;
			containerPortal = 28C82A562FF3943C008A2DEE /* Project object */;
			proxyType = 1;
			remoteGlobalIDString = 28C82A5D2FF3943C008A2DEE;
			remoteInfo = musicfind;
		};
		28C82A782FF3943D008A2DEE /* PBXContainerItemProxy */ = {
			isa = PBXContainerItemProxy;
			containerPortal = 28C82A562FF3943C008A2DEE /* Project object */;
			proxyType = 1;
			remoteGlobalIDString = 28C82A5D2FF3943C008A2DEE;
			remoteInfo = musicfind;
		};
/* End PBXContainerItemProxy section */

/* Begin PBXFileReference section */
		28C82A5E2FF3943C008A2DEE /* musicfind.app */ = {isa = PBXFileReference; explicitFileType = wrapper.application; includeInIndex = 0; path = musicfind.app; sourceTree = BUILT_PRODUCTS_DIR; };
		28C82A6D2FF3943D008A2DEE /* musicfindTests.xctest */ = {isa = PBXFileReference; explicitFileType = wrapper.cfbundle; includeInIndex = 0; path = musicfindTests.xctest; sourceTree = BUILT_PRODUCTS_DIR; };
		28C82A772FF3943D008A2DEE /* musicfindUITests.xctest */ = {isa = PBXFileReference; explicitFileType = wrapper.cfbundle; includeInIndex = 0; path = musicfindUITests.xctest; sourceTree = BUILT_PRODUCTS_DIR; };
/* End PBXFileReference section */

/* Begin PBXFileSystemSynchronizedRootGroup section */
		28C82A602FF3943C008A2DEE /* musicfind */ = {
			isa = PBXFileSystemSynchronizedRootGroup;
			path = musicfind;
			sourceTree = "<group>";
		};
		28C82A702FF3943D008A2DEE /* musicfindTests */ = {
			isa = PBXFileSystemSynchronizedRootGroup;
			path = musicfindTests;
			sourceTree = "<group>";
		};
		28C82A7A2FF3943D008A2DEE /* musicfindUITests */ = {
			isa = PBXFileSystemSynchronizedRootGroup;
			path = musicfindUITests;
			sourceTree = "<group>";
		};
/* End PBXFileSystemSynchronizedRootGroup section */

/* Begin PBXFrameworksBuildPhase section */
		28C82A5B2FF3943C008A2DEE /* Frameworks */ = {
			isa = PBXFrameworksBuildPhase;
			files = (
			);
		};
		28C82A6A2FF3943D008A2DEE /* Frameworks */ = {
			isa = PBXFrameworksBuildPhase;
			files = (
			);
		};
		28C82A742FF3943D008A2DEE /* Frameworks */ = {
			isa = PBXFrameworksBuildPhase;
			files = (
			);
		};
/* End PBXFrameworksBuildPhase section */

/* Begin PBXGroup section */
		28C82A552FF3943C008A2DEE = {
			isa = PBXGroup;
			children = (
				28C82A602FF3943C008A2DEE /* musicfind */,
				28C82A702FF3943D008A2DEE /* musicfindTests */,
				28C82A7A2FF3943D008A2DEE /* musicfindUITests */,
				28C82A5F2FF3943C008A2DEE /* Products */,
			);
			sourceTree = "<group>";
		};
		28C82A5F2FF3943C008A2DEE /* Products */ = {
			isa = PBXGroup;
			children = (
				28C82A5E2FF3943C008A2DEE /* musicfind.app */,
				28C82A6D2FF3943D008A2DEE /* musicfindTests.xctest */,
				28C82A772FF3943D008A2DEE /* musicfindUITests.xctest */,
			);
			name = Products;
			sourceTree = "<group>";
		};
/* End PBXGroup section */

/* Begin PBXNativeTarget section */
		28C82A5D2FF3943C008A2DEE /* musicfind */ = {
			isa = PBXNativeTarget;
			buildConfigurationList = 28C82A812FF3943D008A2DEE /* Build configuration list for PBXNativeTarget "musicfind" */;
			buildPhases = (
				28C82A5A2FF3943C008A2DEE /* Sources */,
				28C82A5B2FF3943C008A2DEE /* Frameworks */,
				28C82A5C2FF3943C008A2DEE /* Resources */,
			);
			buildRules = (
			);
			fileSystemSynchronizedGroups = (
				28C82A602FF3943C008A2DEE /* musicfind */,
			);
			name = musicfind;
			packageProductDependencies = (
			);
			productName = musicfind;
			productReference = 28C82A5E2FF3943C008A2DEE /* musicfind.app */;
			productType = "com.apple.product-type.application";
		};
		28C82A6C2FF3943D008A2DEE /* musicfindTests */ = {
			isa = PBXNativeTarget;
			buildConfigurationList = 28C82A842FF3943D008A2DEE /* Build configuration list for PBXNativeTarget "musicfindTests" */;
			buildPhases = (
				28C82A692FF3943D008A2DEE /* Sources */,
				28C82A6A2FF3943D008A2DEE /* Frameworks */,
				28C82A6B2FF3943D008A2DEE /* Resources */,
			);
			buildRules = (
			);
			dependencies = (
				28C82A6F2FF3943D008A2DEE /* PBXTargetDependency */,
			);
			fileSystemSynchronizedGroups = (
				28C82A702FF3943D008A2DEE /* musicfindTests */,
			);
			name = musicfindTests;
			productName = musicfindTests;
			productReference = 28C82A6D2FF3943D008A2DEE /* musicfindTests.xctest */;
			productType = "com.apple.product-type.bundle.unit-test";
		};
		28C82A762FF3943D008A2DEE /* musicfindUITests */ = {
			isa = PBXNativeTarget;
			buildConfigurationList = 28C82A872FF3943D008A2DEE /* Build configuration list for PBXNativeTarget "musicfindUITests" */;
			buildPhases = (
				28C82A732FF3943D008A2DEE /* Sources */,
				28C82A742FF3943D008A2DEE /* Frameworks */,
				28C82A752FF3943D008A2DEE /* Resources */,
			);
			buildRules = (
			);
			dependencies = (
				28C82A792FF3943D008A2DEE /* PBXTargetDependency */,
			);
			fileSystemSynchronizedGroups = (
				28C82A7A2FF3943D008A2DEE /* musicfindUITests */,
			);
			name = musicfindUITests;
			productName = musicfindUITests;
			productReference = 28C82A772FF3943D008A2DEE /* musicfindUITests.xctest */;
			productType = "com.apple.product-type.bundle.ui-testing";
		};
/* End PBXNativeTarget section */

/* Begin PBXProject section */
		28C82A562FF3943C008A2DEE /* Project object */ = {
			isa = PBXProject;
			attributes = {
				BuildIndependentTargetsInParallel = 1;
				LastSwiftUpdateCheck = 2650;
				LastUpgradeCheck = 2660;
				TargetAttributes = {
					28C82A5D2FF3943C008A2DEE = {
						CreatedOnToolsVersion = 26.5;
					};
					28C82A6C2FF3943D008A2DEE = {
						CreatedOnToolsVersion = 26.5;
						TestTargetID = 28C82A5D2FF3943C008A2DEE;
					};
					28C82A762FF3943D008A2DEE = {
						CreatedOnToolsVersion = 26.5;
						TestTargetID = 28C82A5D2FF3943C008A2DEE;
					};
				};
			};
			buildConfigurationList = 28C82A592FF3943C008A2DEE /* Build configuration list for PBXProject "musicfind" */;
			developmentRegion = en;
			hasScannedForEncodings = 0;
			knownRegions = (
				en,
				Base,
			);
			mainGroup = 28C82A552FF3943C008A2DEE;
			minimizedProjectReferenceProxies = 1;
			packageReferences = (
			);
			preferredProjectObjectVersion = 100;
			productRefGroup = 28C82A5F2FF3943C008A2DEE /* Products */;
			projectDirPath = "";
			projectRoot = "";
			targets = (
				28C82A5D2FF3943C008A2DEE /* musicfind */,
				28C82A6C2FF3943D008A2DEE /* musicfindTests */,
				28C82A762FF3943D008A2DEE /* musicfindUITests */,
			);
		};
/* End PBXProject section */

/* Begin PBXResourcesBuildPhase section */
		28C82A5C2FF3943C008A2DEE /* Resources */ = {
			isa = PBXResourcesBuildPhase;
			files = (
			);
		};
		28C82A6B2FF3943D008A2DEE /* Resources */ = {
			isa = PBXResourcesBuildPhase;
			files = (
			);
		};
		28C82A752FF3943D008A2DEE /* Resources */ = {
			isa = PBXResourcesBuildPhase;
			files = (
			);
		};
/* End PBXResourcesBuildPhase section */

/* Begin PBXSourcesBuildPhase section */
		28C82A5A2FF3943C008A2DEE /* Sources */ = {
			isa = PBXSourcesBuildPhase;
			files = (
			);
		};
		28C82A692FF3943D008A2DEE /* Sources */ = {
			isa = PBXSourcesBuildPhase;
			files = (
			);
		};
		28C82A732FF3943D008A2DEE /* Sources */ = {
			isa = PBXSourcesBuildPhase;
			files = (
			);
		};
/* End PBXSourcesBuildPhase section */

/* Begin PBXTargetDependency section */
		28C82A6F2FF3943D008A2DEE /* PBXTargetDependency */ = {
			isa = PBXTargetDependency;
			target = 28C82A5D2FF3943C008A2DEE /* musicfind */;
			targetProxy = 28C82A6E2FF3943D008A2DEE /* PBXContainerItemProxy */;
		};
		28C82A792FF3943D008A2DEE /* PBXTargetDependency */ = {
			isa = PBXTargetDependency;
			target = 28C82A5D2FF3943C008A2DEE /* musicfind */;
			targetProxy = 28C82A782FF3943D008A2DEE /* PBXContainerItemProxy */;
		};
/* End PBXTargetDependency section */

/* Begin XCBuildConfiguration section */
		28C82A7F2FF3943D008A2DEE /* Debug configuration for PBXProject "musicfind" */ = {
			isa = XCBuildConfiguration;
			buildSettings = {
				ALWAYS_SEARCH_USER_PATHS = NO;
				ASSETCATALOG_COMPILER_GENERATE_SWIFT_ASSET_SYMBOL_EXTENSIONS = YES;
				CLANG_ANALYZER_NONNULL = YES;
				CLANG_ANALYZER_NUMBER_OBJECT_CONVERSION = YES_AGGRESSIVE;
				CLANG_CXX_LANGUAGE_STANDARD = "gnu++20";
				CLANG_ENABLE_MODULES = YES;
				CLANG_ENABLE_OBJC_ARC = YES;
				CLANG_ENABLE_OBJC_WEAK = YES;
				CLANG_WARN_BLOCK_CAPTURE_AUTORELEASING = YES;
				CLANG_WARN_BOOL_CONVERSION = YES;
				CLANG_WARN_COMMA = YES;
				CLANG_WARN_CONSTANT_CONVERSION = YES;
				CLANG_WARN_DEPRECATED_OBJC_IMPLEMENTATIONS = YES;
				CLANG_WARN_DIRECT_OBJC_ISA_USAGE = YES_ERROR;
				CLANG_WARN_DOCUMENTATION_COMMENTS = YES;
				CLANG_WARN_EMPTY_BODY = YES;
				CLANG_WARN_ENUM_CONVERSION = YES;
				CLANG_WARN_INFINITE_RECURSION = YES;
				CLANG_WARN_INT_CONVERSION = YES;
				CLANG_WARN_NON_LITERAL_NULL_CONVERSION = YES;
				CLANG_WARN_OBJC_IMPLICIT_RETAIN_SELF = YES;
				CLANG_WARN_OBJC_LITERAL_CONVERSION = YES;
				CLANG_WARN_OBJC_ROOT_CLASS = YES_ERROR;
				CLANG_WARN_QUOTED_INCLUDE_IN_FRAMEWORK_HEADER = YES;
				CLANG_WARN_RANGE_LOOP_ANALYSIS = YES;
				CLANG_WARN_STRICT_PROTOTYPES = YES;
				CLANG_WARN_SUSPICIOUS_MOVE = YES;
				CLANG_WARN_UNGUARDED_AVAILABILITY = YES_AGGRESSIVE;
				CLANG_WARN_UNREACHABLE_CODE = YES;
				CLANG_WARN__DUPLICATE_METHOD_MATCH = YES;
				COPY_PHASE_STRIP = NO;
				DEBUG_INFORMATION_FORMAT = dwarf;
				DEVELOPMENT_TEAM = SZU26G5RUX;
				ENABLE_STRICT_OBJC_MSGSEND = YES;
				ENABLE_TESTABILITY = YES;
				ENABLE_USER_SCRIPT_SANDBOXING = YES;
				GCC_C_LANGUAGE_STANDARD = gnu17;
				GCC_DYNAMIC_NO_PIC = NO;
				GCC_NO_COMMON_BLOCKS = YES;
				GCC_OPTIMIZATION_LEVEL = 0;
				GCC_PREPROCESSOR_DEFINITIONS = (
					"DEBUG=1",
					"$(inherited)",
				);
				GCC_WARN_64_TO_32_BIT_CONVERSION = YES;
				GCC_WARN_ABOUT_RETURN_TYPE = YES_ERROR;
				GCC_WARN_UNDECLARED_SELECTOR = YES;
				GCC_WARN_UNINITIALIZED_AUTOS = YES_AGGRESSIVE;
				GCC_WARN_UNUSED_FUNCTION = YES;
				GCC_WARN_UNUSED_VARIABLE = YES;
				IPHONEOS_DEPLOYMENT_TARGET = 17.0;
				LOCALIZATION_PREFERS_STRING_CATALOGS = YES;
				MTL_ENABLE_DEBUG_INFO = INCLUDE_SOURCE;
				MTL_FAST_MATH = YES;
				ONLY_ACTIVE_ARCH = YES;
				SDKROOT = iphoneos;
				STRING_CATALOG_GENERATE_SYMBOLS = YES;
				SWIFT_ACTIVE_COMPILATION_CONDITIONS = "DEBUG $(inherited)";
				SWIFT_OPTIMIZATION_LEVEL = "-Onone";
			};
			name = Debug;
		};
		28C82A802FF3943D008A2DEE /* Release configuration for PBXProject "musicfind" */ = {
			isa = XCBuildConfiguration;
			buildSettings = {
				ALWAYS_SEARCH_USER_PATHS = NO;
				ASSETCATALOG_COMPILER_GENERATE_SWIFT_ASSET_SYMBOL_EXTENSIONS = YES;
				CLANG_ANALYZER_NONNULL = YES;
				CLANG_ANALYZER_NUMBER_OBJECT_CONVERSION = YES_AGGRESSIVE;
				CLANG_CXX_LANGUAGE_STANDARD = "gnu++20";
				CLANG_ENABLE_MODULES = YES;
				CLANG_ENABLE_OBJC_ARC = YES;
				CLANG_ENABLE_OBJC_WEAK = YES;
				CLANG_WARN_BLOCK_CAPTURE_AUTORELEASING = YES;
				CLANG_WARN_BOOL_CONVERSION = YES;
				CLANG_WARN_COMMA = YES;
				CLANG_WARN_CONSTANT_CONVERSION = YES;
				CLANG_WARN_DEPRECATED_OBJC_IMPLEMENTATIONS = YES;
				CLANG_WARN_DIRECT_OBJC_ISA_USAGE = YES_ERROR;
				CLANG_WARN_DOCUMENTATION_COMMENTS = YES;
				CLANG_WARN_EMPTY_BODY = YES;
				CLANG_WARN_ENUM_CONVERSION = YES;
				CLANG_WARN_INFINITE_RECURSION = YES;
				CLANG_WARN_INT_CONVERSION = YES;
				CLANG_WARN_NON_LITERAL_NULL_CONVERSION = YES;
				CLANG_WARN_OBJC_IMPLICIT_RETAIN_SELF = YES;
				CLANG_WARN_OBJC_LITERAL_CONVERSION = YES;
				CLANG_WARN_OBJC_ROOT_CLASS = YES_ERROR;
				CLANG_WARN_QUOTED_INCLUDE_IN_FRAMEWORK_HEADER = YES;
				CLANG_WARN_RANGE_LOOP_ANALYSIS = YES;
				CLANG_WARN_STRICT_PROTOTYPES = YES;
				CLANG_WARN_SUSPICIOUS_MOVE = YES;
				CLANG_WARN_UNGUARDED_AVAILABILITY = YES_AGGRESSIVE;
				CLANG_WARN_UNREACHABLE_CODE = YES;
				CLANG_WARN__DUPLICATE_METHOD_MATCH = YES;
				COPY_PHASE_STRIP = NO;
				DEBUG_INFORMATION_FORMAT = "dwarf-with-dsym";
				DEVELOPMENT_TEAM = SZU26G5RUX;
				ENABLE_NS_ASSERTIONS = NO;
				ENABLE_STRICT_OBJC_MSGSEND = YES;
				ENABLE_USER_SCRIPT_SANDBOXING = YES;
				GCC_C_LANGUAGE_STANDARD = gnu17;
				GCC_NO_COMMON_BLOCKS = YES;
				GCC_WARN_64_TO_32_BIT_CONVERSION = YES;
				GCC_WARN_ABOUT_RETURN_TYPE = YES_ERROR;
				GCC_WARN_UNDECLARED_SELECTOR = YES;
				GCC_WARN_UNINITIALIZED_AUTOS = YES_AGGRESSIVE;
				GCC_WARN_UNUSED_FUNCTION = YES;
				GCC_WARN_UNUSED_VARIABLE = YES;
				IPHONEOS_DEPLOYMENT_TARGET = 17.0;
				LOCALIZATION_PREFERS_STRING_CATALOGS = YES;
				MTL_ENABLE_DEBUG_INFO = NO;
				MTL_FAST_MATH = YES;
				SDKROOT = iphoneos;
				STRING_CATALOG_GENERATE_SYMBOLS = YES;
				SWIFT_COMPILATION_MODE = wholemodule;
				VALIDATE_PRODUCT = YES;
			};
			name = Release;
		};
		28C82A822FF3943D008A2DEE /* Debug configuration for PBXNativeTarget "musicfind" */ = {
			isa = XCBuildConfiguration;
			buildSettings = {
				ASSETCATALOG_COMPILER_APPICON_NAME = AppIcon;
				ASSETCATALOG_COMPILER_GLOBAL_ACCENT_COLOR_NAME = AccentColor;
				CODE_SIGN_STYLE = Automatic;
				CURRENT_PROJECT_VERSION = 1;
				DEVELOPMENT_TEAM = SZU26G5RUX;
				ENABLE_PREVIEWS = YES;
				GENERATE_INFOPLIST_FILE = NO;
				INFOPLIST_FILE = "musicfind-Info.plist";
				INFOPLIST_KEY_CFBundleDisplayName = FlipMusic;
				INFOPLIST_KEY_NSAppleMusicUsageDescription = "用于连接 Apple Music 并读取你的音乐授权状态。";
				INFOPLIST_KEY_UIApplicationSceneManifest_Generation = YES;
				INFOPLIST_KEY_UIApplicationSupportsIndirectInputEvents = YES;
				INFOPLIST_KEY_UILaunchStoryboardName = LaunchScreen;
				INFOPLIST_KEY_UISupportedInterfaceOrientations_iPad = "UIInterfaceOrientationPortrait UIInterfaceOrientationPortraitUpsideDown UIInterfaceOrientationLandscapeLeft UIInterfaceOrientationLandscapeRight";
				INFOPLIST_KEY_UISupportedInterfaceOrientations_iPhone = "UIInterfaceOrientationPortrait UIInterfaceOrientationLandscapeLeft UIInterfaceOrientationLandscapeRight";
				LD_RUNPATH_SEARCH_PATHS = (
					"$(inherited)",
					"@executable_path/Frameworks",
				);
				OTHER_LDFLAGS = "$(inherited)";
				MARKETING_VERSION = 1.0;
				PRODUCT_BUNDLE_IDENTIFIER = com.xiangchengjin.musicfind.red;
				PRODUCT_NAME = "$(TARGET_NAME)";
				STRING_CATALOG_GENERATE_SYMBOLS = YES;
				SWIFT_APPROACHABLE_CONCURRENCY = YES;
				SWIFT_DEFAULT_ACTOR_ISOLATION = MainActor;
				SWIFT_EMIT_LOC_STRINGS = YES;
				SWIFT_UPCOMING_FEATURE_MEMBER_IMPORT_VISIBILITY = YES;
				SWIFT_VERSION = 5.0;
				TARGETED_DEVICE_FAMILY = "1,2";
			};
			name = Debug;
		};
		28C82A832FF3943D008A2DEE /* Release configuration for PBXNativeTarget "musicfind" */ = {
			isa = XCBuildConfiguration;
			buildSettings = {
				ASSETCATALOG_COMPILER_APPICON_NAME = AppIcon;
				ASSETCATALOG_COMPILER_GLOBAL_ACCENT_COLOR_NAME = AccentColor;
				CODE_SIGN_STYLE = Automatic;
				CURRENT_PROJECT_VERSION = 1;
				DEVELOPMENT_TEAM = SZU26G5RUX;
				ENABLE_PREVIEWS = YES;
				GENERATE_INFOPLIST_FILE = NO;
				INFOPLIST_FILE = "musicfind-Info.plist";
				INFOPLIST_KEY_CFBundleDisplayName = FlipMusic;
				INFOPLIST_KEY_NSAppleMusicUsageDescription = "用于连接 Apple Music 并读取你的音乐授权状态。";
				INFOPLIST_KEY_UIApplicationSceneManifest_Generation = YES;
				INFOPLIST_KEY_UIApplicationSupportsIndirectInputEvents = YES;
				INFOPLIST_KEY_UILaunchStoryboardName = LaunchScreen;
				INFOPLIST_KEY_UISupportedInterfaceOrientations_iPad = "UIInterfaceOrientationPortrait UIInterfaceOrientationPortraitUpsideDown UIInterfaceOrientationLandscapeLeft UIInterfaceOrientationLandscapeRight";
				INFOPLIST_KEY_UISupportedInterfaceOrientations_iPhone = "UIInterfaceOrientationPortrait UIInterfaceOrientationLandscapeLeft UIInterfaceOrientationLandscapeRight";
				LD_RUNPATH_SEARCH_PATHS = (
					"$(inherited)",
					"@executable_path/Frameworks",
				);
				OTHER_LDFLAGS = "$(inherited)";
				MARKETING_VERSION = 1.0;
				PRODUCT_BUNDLE_IDENTIFIER = com.xiangchengjin.musicfind.red;
				PRODUCT_NAME = "$(TARGET_NAME)";
				STRING_CATALOG_GENERATE_SYMBOLS = YES;
				SWIFT_APPROACHABLE_CONCURRENCY = YES;
				SWIFT_DEFAULT_ACTOR_ISOLATION = MainActor;
				SWIFT_EMIT_LOC_STRINGS = YES;
				SWIFT_UPCOMING_FEATURE_MEMBER_IMPORT_VISIBILITY = YES;
				SWIFT_VERSION = 5.0;
				TARGETED_DEVICE_FAMILY = "1,2";
			};
			name = Release;
		};
		28C82A852FF3943D008A2DEE /* Debug configuration for PBXNativeTarget "musicfindTests" */ = {
			isa = XCBuildConfiguration;
			buildSettings = {
				BUNDLE_LOADER = "$(TEST_HOST)";
				CODE_SIGN_STYLE = Automatic;
				CURRENT_PROJECT_VERSION = 1;
				DEVELOPMENT_TEAM = SZU26G5RUX;
				GENERATE_INFOPLIST_FILE = YES;
				IPHONEOS_DEPLOYMENT_TARGET = 26.5;
				MARKETING_VERSION = 1.0;
				PRODUCT_BUNDLE_IDENTIFIER = "-1.musicfindTests";
				PRODUCT_NAME = "$(TARGET_NAME)";
				STRING_CATALOG_GENERATE_SYMBOLS = NO;
				SWIFT_APPROACHABLE_CONCURRENCY = YES;
				SWIFT_EMIT_LOC_STRINGS = NO;
				SWIFT_UPCOMING_FEATURE_MEMBER_IMPORT_VISIBILITY = YES;
				SWIFT_VERSION = 5.0;
				TARGETED_DEVICE_FAMILY = "1,2";
				TEST_HOST = "$(BUILT_PRODUCTS_DIR)/musicfind.app/$(BUNDLE_EXECUTABLE_FOLDER_PATH)/musicfind";
			};
			name = Debug;
		};
		28C82A862FF3943D008A2DEE /* Release configuration for PBXNativeTarget "musicfindTests" */ = {
			isa = XCBuildConfiguration;
			buildSettings = {
				BUNDLE_LOADER = "$(TEST_HOST)";
				CODE_SIGN_STYLE = Automatic;
				CURRENT_PROJECT_VERSION = 1;
				DEVELOPMENT_TEAM = SZU26G5RUX;
				GENERATE_INFOPLIST_FILE = YES;
				IPHONEOS_DEPLOYMENT_TARGET = 26.5;
				MARKETING_VERSION = 1.0;
				PRODUCT_BUNDLE_IDENTIFIER = "-1.musicfindTests";
				PRODUCT_NAME = "$(TARGET_NAME)";
				STRING_CATALOG_GENERATE_SYMBOLS = NO;
				SWIFT_APPROACHABLE_CONCURRENCY = YES;
				SWIFT_EMIT_LOC_STRINGS = NO;
				SWIFT_UPCOMING_FEATURE_MEMBER_IMPORT_VISIBILITY = YES;
				SWIFT_VERSION = 5.0;
				TARGETED_DEVICE_FAMILY = "1,2";
				TEST_HOST = "$(BUILT_PRODUCTS_DIR)/musicfind.app/$(BUNDLE_EXECUTABLE_FOLDER_PATH)/musicfind";
			};
			name = Release;
		};
		28C82A882FF3943D008A2DEE /* Debug configuration for PBXNativeTarget "musicfindUITests" */ = {
			isa = XCBuildConfiguration;
			buildSettings = {
				CODE_SIGN_STYLE = Automatic;
				CURRENT_PROJECT_VERSION = 1;
				DEVELOPMENT_TEAM = SZU26G5RUX;
				GENERATE_INFOPLIST_FILE = YES;
				MARKETING_VERSION = 1.0;
				PRODUCT_BUNDLE_IDENTIFIER = "-1.musicfindUITests";
				PRODUCT_NAME = "$(TARGET_NAME)";
				STRING_CATALOG_GENERATE_SYMBOLS = NO;
				SWIFT_APPROACHABLE_CONCURRENCY = YES;
				SWIFT_EMIT_LOC_STRINGS = NO;
				SWIFT_UPCOMING_FEATURE_MEMBER_IMPORT_VISIBILITY = YES;
				SWIFT_VERSION = 5.0;
				TARGETED_DEVICE_FAMILY = "1,2";
				TEST_TARGET_NAME = musicfind;
			};
			name = Debug;
		};
		28C82A892FF3943D008A2DEE /* Release configuration for PBXNativeTarget "musicfindUITests" */ = {
			isa = XCBuildConfiguration;
			buildSettings = {
				CODE_SIGN_STYLE = Automatic;
				CURRENT_PROJECT_VERSION = 1;
				DEVELOPMENT_TEAM = SZU26G5RUX;
				GENERATE_INFOPLIST_FILE = YES;
				MARKETING_VERSION = 1.0;
				PRODUCT_BUNDLE_IDENTIFIER = "-1.musicfindUITests";
				PRODUCT_NAME = "$(TARGET_NAME)";
				STRING_CATALOG_GENERATE_SYMBOLS = NO;
				SWIFT_APPROACHABLE_CONCURRENCY = YES;
				SWIFT_EMIT_LOC_STRINGS = NO;
				SWIFT_UPCOMING_FEATURE_MEMBER_IMPORT_VISIBILITY = YES;
				SWIFT_VERSION = 5.0;
				TARGETED_DEVICE_FAMILY = "1,2";
				TEST_TARGET_NAME = musicfind;
			};
			name = Release;
		};
/* End XCBuildConfiguration section */

/* Begin XCConfigurationList section */
		28C82A592FF3943C008A2DEE /* Build configuration list for PBXProject "musicfind" */ = {
			isa = XCConfigurationList;
			buildConfigurations = (
				28C82A7F2FF3943D008A2DEE /* Debug configuration for PBXProject "musicfind" */,
				28C82A802FF3943D008A2DEE /* Release configuration for PBXProject "musicfind" */,
			);
			defaultConfigurationName = Release;
		};
		28C82A812FF3943D008A2DEE /* Build configuration list for PBXNativeTarget "musicfind" */ = {
			isa = XCConfigurationList;
			buildConfigurations = (
				28C82A822FF3943D008A2DEE /* Debug configuration for PBXNativeTarget "musicfind" */,
				28C82A832FF3943D008A2DEE /* Release configuration for PBXNativeTarget "musicfind" */,
			);
			defaultConfigurationName = Release;
		};
		28C82A842FF3943D008A2DEE /* Build configuration list for PBXNativeTarget "musicfindTests" */ = {
			isa = XCConfigurationList;
			buildConfigurations = (
				28C82A852FF3943D008A2DEE /* Debug configuration for PBXNativeTarget "musicfindTests" */,
				28C82A862FF3943D008A2DEE /* Release configuration for PBXNativeTarget "musicfindTests" */,
			);
			defaultConfigurationName = Release;
		};
		28C82A872FF3943D008A2DEE /* Build configuration list for PBXNativeTarget "musicfindUITests" */ = {
			isa = XCConfigurationList;
			buildConfigurations = (
				28C82A882FF3943D008A2DEE /* Debug configuration for PBXNativeTarget "musicfindUITests" */,
				28C82A892FF3943D008A2DEE /* Release configuration for PBXNativeTarget "musicfindUITests" */,
			);
			defaultConfigurationName = Release;
		};
/* End XCConfigurationList section */

	};
	rootObject = 28C82A562FF3943C008A2DEE /* Project object */;
}
